
Microsoft Visual Studio Solution File, Format Version 12.00
# Visual Studio Version 17
VisualStudioVersion = 17.4.33213.308
MinimumVisualStudioVersion = 10.0.40219.1
Project("{FAE04EC0-301F-11D3-BF4B-00C04F79EFBC}") = "MP.ApiDotNet6.Domain", "MP.ApiDotNet6.Domain\MP.ApiDotNet6.Domain.csproj", "{7E18BB9C-C30E-4AD7-8F09-E9CFFF910598}"
EndProject
Project("{FAE04EC0-301F-11D3-BF4B-00C04F79EFBC}") = "MP.ApiDotNet6.Infra.Data", "MP.ApiDotNet6.Infra.Data\MP.ApiDotNet6.Infra.Data.csproj", "{0AECF3A4-11CF-4C25-B95C-A8F3F9152FB0}"
EndProject
Project("{FAE04EC0-301F-11D3-BF4B-00C04F79EFBC}") = "MP.ApiDotNet6.Application", "MP.ApiDotNet6.Application\MP.ApiDotNet6.Application.csproj", "{00E1B31D-1E5F-410A-BB95-2158BFB512B3}"
EndProject
Project("{FAE04EC0-301F-11D3-BF4B-00C04F79EFBC}") = "MP.ApiDotnet6.Infra.Ioc", "MP.ApiDotnet6.Infra.Ioc\MP.ApiDotnet6.Infra.Ioc.csproj", "{4C2974BB-114B-40FB-902B-EAE146B14648}"
EndProject
Project("{FAE04EC0-301F-11D3-BF4B-00C04F79EFBC}") = "MP.ApiDotNet6.Api", "MP.ApiDotNet6.Api\MP.ApiDotNet6.Api.csproj", "{3E87F91E-367B-4A26-9D38-823BE9103131}"
EndProject
Global
	GlobalSection(SolutionConfigurationPlatforms) = preSolution
		Debug|Any CPU = Debug|Any CPU
		Release|Any CPU = Release|Any CPU
	EndGlobalSection
	GlobalSection(ProjectConfigurationPlatforms) = postSolution
		{7E18BB9C-C30E-4AD7-8F09-E9CFFF910598}.Debug|Any CPU.ActiveCfg = Debug|Any CPU
		{7E18BB9C-C30E-4AD7-8F09-E9CFFF910598}.Debug|Any CPU.Build.0 = Debug|Any CPU
		{7E18BB9C-C30E-4AD7-8F09-E9CFFF910598}.Release|Any CPU.ActiveCfg = Release|Any CPU
		{7E18BB9C-C30E-4AD7-8F09-E9CFFF910598}.Release|Any CPU.Build.0 = Release|Any CPU
		{0AECF3A4-11CF-4C25-B95C-A8F3F9152FB0}.Debug|Any CPU.ActiveCfg = Debug|Any CPU
		{0AECF3A4-11CF-4C25-B95C-A8F3F9152FB0}.Debug|Any CPU.Build.0 = Debug|Any CPU
		{0AECF3A4-11CF-4C25-B95C-A8F3F9152FB0}.Release|Any CPU.ActiveCfg = Release|Any CPU
		{0AECF3A4-11CF-4C25-B95C-A8F3F9152FB0}.Release|Any CPU.Build.0 = Release|Any CPU
		{00E1B31D-1E5F-410A-BB95-2158BFB512B3}.Debug|Any CPU.ActiveCfg = Debug|Any CPU
		{00E1B31D-1E5F-410A-BB95-2158BFB512B3}.Debug|Any CPU.Build.0 = Debug|Any CPU
		{00E1B31D-1E5F-410A-BB95-2158BFB512B3}.Release|Any CPU.ActiveCfg = Release|Any CPU
		{00E1B31D-1E5F-410A-BB95-2158BFB512B3}.Release|Any CPU.Build.0 = Release|Any CPU
		{4C2974BB-114B-40FB-902B-EAE146B14648}.Debug|Any CPU.ActiveCfg = Debug|Any CPU
		{4C2974BB-114B-40FB-902B-EAE146B14648}.Debug|Any CPU.Build.0 = Debug|Any CPU
		{4C2974BB-114B-40FB-902B-EAE146B14648}.Release|Any CPU.ActiveCfg = Release|Any CPU
		{4C2974BB-114B-40FB-902B-EAE146B14648}.Release|Any CPU.Build.0 = Release|Any CPU
		{3E87F91E-367B-4A26-9D38-823BE9103131}.Debug|Any CPU.ActiveCfg = Debug|Any CPU
		{3E87F91E-367B-4A26-9D38-823BE9103131}.Debug|Any CPU.Build.0 = Debug|Any CPU
		{3E87F91E-367B-4A26-9D38-823BE9103131}.Release|Any CPU.ActiveCfg = Release|Any CPU
		{3E87F91E-367B-4A26-9D38-823BE9103131}.Release|Any CPU.Build.0 = Release|Any CPU
	EndGlobalSection
	GlobalSection(SolutionProperties) = preSolution
		HideSolutionNode = FALSE
	EndGlobalSection
	GlobalSection(ExtensibilityGlobals) = postSolution
		SolutionGuid = {0B6B4DBA-A108-4AF6-898A-BCA50219D02A}
	EndGlobalSection
EndGlobal
